// !$*UTF8*$!
{
	archiveVersion = 1;
	classes = {
	};
	objectVersion = 50;
	objects = {

/* Begin PBXBuildFile section */
		1228692528DD4CC10026B3BE /* AppDelegate.swift in Sources */ = {isa = PBXBuildFile; fileRef = 1228692428DD4CC10026B3BE /* AppDelegate.swift */; };
		1228692928DD4CC10026B3BE /* LoginViewController.swift in Sources */ = {isa = PBXBuildFile; fileRef = 1228692828DD4CC10026B3BE /* LoginViewController.swift */; };
		1228692E28DD4CC30026B3BE /* Assets.xcassets in Resources */ = {isa = PBXBuildFile; fileRef = 1228692D28DD4CC30026B3BE /* Assets.xcassets */; };
		1228693128DD4CC30026B3BE /* LaunchScreen.storyboard in Resources */ = {isa = PBXBuildFile; fileRef = 1228692F28DD4CC30026B3BE /* LaunchScreen.storyboard */; };
		1228693C28DD4CC30026B3BE /* BankeyTests.swift in Sources */ = {isa = PBXBuildFile; fileRef = 1228693B28DD4CC30026B3BE /* BankeyTests.swift */; };
		1228694728DD4CC30026B3BE /* BankeyUITests.swift in Sources */ = {isa = PBXBuildFile; fileRef = 1228694628DD4CC30026B3BE /* BankeyUITests.swift */; };
		1228695728DD56370026B3BE /* LoginView.swift in Sources */ = {isa = PBXBuildFile; fileRef = 1228695628DD56370026B3BE /* LoginView.swift */; };
		1228695D28DD97900026B3BE /* LoadingButton.swift in Sources */ = {isa = PBXBuildFile; fileRef = 1228695C28DD97900026B3BE /* LoadingButton.swift */; };
/* End PBXBuildFile section */

/* Begin PBXContainerItemProxy section */
		1228693828DD4CC30026B3BE /* PBXContainerItemProxy */ = {
			isa = PBXContainerItemProxy;
			containerPortal = 1228691928DD4CC10026B3BE /* Project object */;
			proxyType = 1;
			remoteGlobalIDString = 1228692028DD4CC10026B3BE;
			remoteInfo = Bankey;
		};
		1228694328DD4CC30026B3BE /* PBXContainerItemProxy */ = {
			isa = PBXContainerItemProxy;
			containerPortal = 1228691928DD4CC10026B3BE /* Project object */;
			proxyType = 1;
			remoteGlobalIDString = 1228692028DD4CC10026B3BE;
			remoteInfo = Bankey;
		};
/* End PBXContainerItemProxy section */

/* Begin PBXFileReference section */
		1228692128DD4CC10026B3BE /* Bankey.app */ = {isa = PBXFileReference; explicitFileType = wrapper.application; includeInIndex = 0; path = Bankey.app; sourceTree = BUILT_PRODUCTS_DIR; };
		1228692428DD4CC10026B3BE /* AppDelegate.swift */ = {isa = PBXFileReference; lastKnownFileType = sourcecode.swift; path = AppDelegate.swift; sourceTree = "<group>"; };
		1228692828DD4CC10026B3BE /* LoginViewController.swift */ = {isa = PBXFileReference; lastKnownFileType = sourcecode.swift; path = LoginViewController.swift; sourceTree = "<group>"; };
		1228692D28DD4CC30026B3BE /* Assets.xcassets */ = {isa = PBXFileReference; lastKnownFileType = folder.assetcatalog; path = Assets.xcassets; sourceTree = "<group>"; };
		1228693028DD4CC30026B3BE /* Base */ = {isa = PBXFileReference; lastKnownFileType = file.storyboard; name = Base; path = Base.lproj/LaunchScreen.storyboard; sourceTree = "<group>"; };
		1228693228DD4CC30026B3BE /* Info.plist */ = {isa = PBXFileReference; lastKnownFileType = text.plist.xml; path = Info.plist; sourceTree = "<group>"; };
		1228693728DD4CC30026B3BE /* BankeyTests.xctest */ = {isa = PBXFileReference; explicitFileType = wrapper.cfbundle; includeInIndex = 0; path = BankeyTests.xctest; sourceTree = BUILT_PRODUCTS_DIR; };
		1228693B28DD4CC30026B3BE /* BankeyTests.swift */ = {isa = PBXFileReference; lastKnownFileType = sourcecode.swift; path = BankeyTests.swift; sourceTree = "<group>"; };
		1228693D28DD4CC30026B3BE /* Info.plist */ = {isa = PBXFileReference; lastKnownFileType = text.plist.xml; path = Info.plist; sourceTree = "<group>"; };
		1228694228DD4CC30026B3BE /* BankeyUITests.xctest */ = {isa = PBXFileReference; explicitFileType = wrapper.cfbundle; includeInIndex = 0; path = BankeyUITests.xctest; sourceTree = BUILT_PRODUCTS_DIR; };
		1228694628DD4CC30026B3BE /* BankeyUITests.swift */ = {isa = PBXFileReference; lastKnownFileType = sourcecode.swift; path = BankeyUITests.swift; sourceTree = "<group>"; };
		1228694828DD4CC30026B3BE /* Info.plist */ = {isa = PBXFileReference; lastKnownFileType = text.plist.xml; path = Info.plist; sourceTree = "<group>"; };
		1228695628DD56370026B3BE /* LoginView.swift */ = {isa = PBXFileReference; lastKnownFileType = sourcecode.swift; path = LoginView.swift; sourceTree = "<group>"; };
		1228695C28DD97900026B3BE /* LoadingButton.swift */ = {isa = PBXFileReference; lastKnownFileType = sourcecode.swift; path = LoadingButton.swift; sourceTree = "<group>"; };
/* End PBXFileReference section */

/* Begin PBXFrameworksBuildPhase section */
		1228691E28DD4CC10026B3BE /* Frameworks */ = {
			isa = PBXFrameworksBuildPhase;
			buildActionMask = 2147483647;
			files = (
			);
			runOnlyForDeploymentPostprocessing = 0;
		};
		1228693428DD4CC30026B3BE /* Frameworks */ = {
			isa = PBXFrameworksBuildPhase;
			buildActionMask = 2147483647;
			files = (
			);
			runOnlyForDeploymentPostprocessing = 0;
		};
		1228693F28DD4CC30026B3BE /* Frameworks */ = {
			isa = PBXFrameworksBuildPhase;
			buildActionMask = 2147483647;
			files = (
			);
			runOnlyForDeploymentPostprocessing = 0;
		};
/* End PBXFrameworksBuildPhase section */

/* Begin PBXGroup section */
		1228691828DD4CC10026B3BE = {
			isa = PBXGroup;
			children = (
				1228692328DD4CC10026B3BE /* Bankey */,
				1228693A28DD4CC30026B3BE /* BankeyTests */,
				1228694528DD4CC30026B3BE /* BankeyUITests */,
				1228692228DD4CC10026B3BE /* Products */,
			);
			sourceTree = "<group>";
		};
		1228692228DD4CC10026B3BE /* Products */ = {
			isa = PBXGroup;
			children = (
				1228692128DD4CC10026B3BE /* Bankey.app */,
				1228693728DD4CC30026B3BE /* BankeyTests.xctest */,
				1228694228DD4CC30026B3BE /* BankeyUITests.xctest */,
			);
			name = Products;
			sourceTree = "<group>";
		};
		1228692328DD4CC10026B3BE /* Bankey */ = {
			isa = PBXGroup;
			children = (
				1228695B28DD97820026B3BE /* CommonComponent */,
				1228695428DD551A0026B3BE /* Base */,
				1228695528DD55B20026B3BE /* Login */,
				1228692428DD4CC10026B3BE /* AppDelegate.swift */,
			);
			path = Bankey;
			sourceTree = "<group>";
		};
		1228693A28DD4CC30026B3BE /* BankeyTests */ = {
			isa = PBXGroup;
			children = (
				1228693B28DD4CC30026B3BE /* BankeyTests.swift */,
				1228693D28DD4CC30026B3BE /* Info.plist */,
			);
			path = BankeyTests;
			sourceTree = "<group>";
		};
		1228694528DD4CC30026B3BE /* BankeyUITests */ = {
			isa = PBXGroup;
			children = (
				1228694628DD4CC30026B3BE /* BankeyUITests.swift */,
				1228694828DD4CC30026B3BE /* Info.plist */,
			);
			path = BankeyUITests;
			sourceTree = "<group>";
		};
		1228695428DD551A0026B3BE /* Base */ = {
			isa = PBXGroup;
			children = (
				1228692D28DD4CC30026B3BE /* Assets.xcassets */,
				1228692F28DD4CC30026B3BE /* LaunchScreen.storyboard */,
				1228693228DD4CC30026B3BE /* Info.plist */,
			);
			name = Base;
			sourceTree = "<group>";
		};
		1228695528DD55B20026B3BE /* Login */ = {
			isa = PBXGroup;
			children = (
				1228692828DD4CC10026B3BE /* LoginViewController.swift */,
				1228695628DD56370026B3BE /* LoginView.swift */,
			);
			path = Login;
			sourceTree = "<group>";
		};
		1228695B28DD97820026B3BE /* CommonComponent */ = {
			isa = PBXGroup;
			children = (
				1228695C28DD97900026B3BE /* LoadingButton.swift */,
			);
			path = CommonComponent;
			sourceTree = "<group>";
		};
/* End PBXGroup section */

/* Begin PBXNativeTarget section */
		1228692028DD4CC10026B3BE /* Bankey */ = {
			isa = PBXNativeTarget;
			buildConfigurationList = 1228694B28DD4CC30026B3BE /* Build configuration list for PBXNativeTarget "Bankey" */;
			buildPhases = (
				1228691D28DD4CC10026B3BE /* Sources */,
				1228691E28DD4CC10026B3BE /* Frameworks */,
				1228691F28DD4CC10026B3BE /* Resources */,
			);
			buildRules = (
			);
			dependencies = (
			);
			name = Bankey;
			productName = Bankey;
			productReference = 1228692128DD4CC10026B3BE /* Bankey.app */;
			productType = "com.apple.product-type.application";
		};
		1228693628DD4CC30026B3BE /* BankeyTests */ = {
			isa = PBXNativeTarget;
			buildConfigurationList = 1228694E28DD4CC30026B3BE /* Build configuration list for PBXNativeTarget "BankeyTests" */;
			buildPhases = (
				1228693328DD4CC30026B3BE /* Sources */,
				1228693428DD4CC30026B3BE /* Frameworks */,
				1228693528DD4CC30026B3BE /* Resources */,
			);
			buildRules = (
			);
			dependencies = (
				1228693928DD4CC30026B3BE /* PBXTargetDependency */,
			);
			name = BankeyTests;
			productName = BankeyTests;
			productReference = 1228693728DD4CC30026B3BE /* BankeyTests.xctest */;
			productType = "com.apple.product-type.bundle.unit-test";
		};
		1228694128DD4CC30026B3BE /* BankeyUITests */ = {
			isa = PBXNativeTarget;
			buildConfigurationList = 1228695128DD4CC30026B3BE /* Build configuration list for PBXNativeTarget "BankeyUITests" */;
			buildPhases = (
				1228693E28DD4CC30026B3BE /* Sources */,
				1228693F28DD4CC30026B3BE /* Frameworks */,
				1228694028DD4CC30026B3BE /* Resources */,
			);
			buildRules = (
			);
			dependencies = (
				1228694428DD4CC30026B3BE /* PBXTargetDependency */,
			);
			name = BankeyUITests;
			productName = BankeyUITests;
			productReference = 1228694228DD4CC30026B3BE /* BankeyUITests.xctest */;
			productType = "com.apple.product-type.bundle.ui-testing";
		};
/* End PBXNativeTarget section */

/* Begin PBXProject section */
		1228691928DD4CC10026B3BE /* Project object */ = {
			isa = PBXProject;
			attributes = {
				LastSwiftUpdateCheck = 1250;
				LastUpgradeCheck = 1250;
				TargetAttributes = {
					1228692028DD4CC10026B3BE = {
						CreatedOnToolsVersion = 12.5.1;
					};
					1228693628DD4CC30026B3BE = {
						CreatedOnToolsVersion = 12.5.1;
						TestTargetID = 1228692028DD4CC10026B3BE;
					};
					1228694128DD4CC30026B3BE = {
						CreatedOnToolsVersion = 12.5.1;
						TestTargetID = 1228692028DD4CC10026B3BE;
					};
				};
			};
			buildConfigurationList = 1228691C28DD4CC10026B3BE /* Build configuration list for PBXProject "Bankey" */;
			compatibilityVersion = "Xcode 9.3";
			developmentRegion = en;
			hasScannedForEncodings = 0;
			knownRegions = (
				en,
				Base,
			);
			mainGroup = 1228691828DD4CC10026B3BE;
			productRefGroup = 1228692228DD4CC10026B3BE /* Products */;
			projectDirPath = "";
			projectRoot = "";
			targets = (
				1228692028DD4CC10026B3BE /* Bankey */,
				1228693628DD4CC30026B3BE /* BankeyTests */,
				1228694128DD4CC30026B3BE /* BankeyUITests */,
			);
		};
/* End PBXProject section */

/* Begin PBXResourcesBuildPhase section */
		1228691F28DD4CC10026B3BE /* Resources */ = {
			isa = PBXResourcesBuildPhase;
			buildActionMask = 2147483647;
			files = (
				1228693128DD4CC30026B3BE /* LaunchScreen.storyboard in Resources */,
				1228692E28DD4CC30026B3BE /* Assets.xcassets in Resources */,
			);
			runOnlyForDeploymentPostprocessing = 0;
		};
		1228693528DD4CC30026B3BE /* Resources */ = {
			isa = PBXResourcesBuildPhase;
			buildActionMask = 2147483647;
			files = (
			);
			runOnlyForDeploymentPostprocessing = 0;
		};
		1228694028DD4CC30026B3BE /* Resources */ = {
			isa = PBXResourcesBuildPhase;
			buildActionMask = 2147483647;
			files = (
			);
			runOnlyForDeploymentPostprocessing = 0;
		};
/* End PBXResourcesBuildPhase section */

/* Begin PBXSourcesBuildPhase section */
		1228691D28DD4CC10026B3BE /* Sources */ = {
			isa = PBXSourcesBuildPhase;
			buildActionMask = 2147483647;
			files = (
				1228695D28DD97900026B3BE /* LoadingButton.swift in Sources */,
				1228695728DD56370026B3BE /* LoginView.swift in Sources */,
				1228692928DD4CC10026B3BE /* LoginViewController.swift in Sources */,
				1228692528DD4CC10026B3BE /* AppDelegate.swift in Sources */,
			);
			runOnlyForDeploymentPostprocessing = 0;
		};
		1228693328DD4CC30026B3BE /* Sources */ = {
			isa = PBXSourcesBuildPhase;
			buildActionMask = 2147483647;
			files = (
				1228693C28DD4CC30026B3BE /* BankeyTests.swift in Sources */,
			);
			runOnlyForDeploymentPostprocessing = 0;
		};
		1228693E28DD4CC30026B3BE /* Sources */ = {
			isa = PBXSourcesBuildPhase;
			buildActionMask = 2147483647;
			files = (
				1228694728DD4CC30026B3BE /* BankeyUITests.swift in Sources */,
			);
			runOnlyForDeploymentPostprocessing = 0;
		};
/* End PBXSourcesBuildPhase section */

/* Begin PBXTargetDependency section */
		1228693928DD4CC30026B3BE /* PBXTargetDependency */ = {
			isa = PBXTargetDependency;
			target = 1228692028DD4CC10026B3BE /* Bankey */;
			targetProxy = 1228693828DD4CC30026B3BE /* PBXContainerItemProxy */;
		};
		1228694428DD4CC30026B3BE /* PBXTargetDependency */ = {
			isa = PBXTargetDependency;
			target = 1228692028DD4CC10026B3BE /* Bankey */;
			targetProxy = 1228694328DD4CC30026B3BE /* PBXContainerItemProxy */;
		};
/* End PBXTargetDependency section */

/* Begin PBXVariantGroup section */
		1228692F28DD4CC30026B3BE /* LaunchScreen.storyboard */ = {
			isa = PBXVariantGroup;
			children = (
				1228693028DD4CC30026B3BE /* Base */,
			);
			name = LaunchScreen.storyboard;
			sourceTree = "<group>";
		};
/* End PBXVariantGroup section */

/* Begin XCBuildConfiguration section */
		1228694928DD4CC30026B3BE /* Debug */ = {
			isa = XCBuildConfiguration;
			buildSettings = {
				ALWAYS_SEARCH_USER_PATHS = NO;
				CLANG_ANALYZER_NONNULL = YES;
				CLANG_ANALYZER_NUMBER_OBJECT_CONVERSION = YES_AGGRESSIVE;
				CLANG_CXX_LANGUAGE_STANDARD = "gnu++14";
				CLANG_CXX_LIBRARY = "libc++";
				CLANG_ENABLE_MODULES = YES;
				CLANG_ENABLE_OBJC_ARC = YES;
				CLANG_ENABLE_OBJC_WEAK = YES;
				CLANG_WARN_BLOCK_CAPTURE_AUTORELEASING = YES;
				CLANG_WARN_BOOL_CONVERSION = YES;
				CLANG_WARN_COMMA = YES;
				CLANG_WARN_CONSTANT_CONVERSION = YES;
				CLANG_WARN_DEPRECATED_OBJC_IMPLEMENTATIONS = YES;
				CLANG_WARN_DIRECT_OBJC_ISA_USAGE = YES_ERROR;
				CLANG_WARN_DOCUMENTATION_COMMENTS = YES;
				CLANG_WARN_EMPTY_BODY = YES;
				CLANG_WARN_ENUM_CONVERSION = YES;
				CLANG_WARN_INFINITE_RECURSION = YES;
				CLANG_WARN_INT_CONVERSION = YES;
				CLANG_WARN_NON_LITERAL_NULL_CONVERSION = YES;
				CLANG_WARN_OBJC_IMPLICIT_RETAIN_SELF = YES;
				CLANG_WARN_OBJC_LITERAL_CONVERSION = YES;
				CLANG_WARN_OBJC_ROOT_CLASS = YES_ERROR;
				CLANG_WARN_QUOTED_INCLUDE_IN_FRAMEWORK_HEADER = YES;
				CLANG_WARN_RANGE_LOOP_ANALYSIS = YES;
				CLANG_WARN_STRICT_PROTOTYPES = YES;
				CLANG_WARN_SUSPICIOUS_MOVE = YES;
				CLANG_WARN_UNGUARDED_AVAILABILITY = YES_AGGRESSIVE;
				CLANG_WARN_UNREACHABLE_CODE = YES;
				CLANG_WARN__DUPLICATE_METHOD_MATCH = YES;
				COPY_PHASE_STRIP = NO;
				DEBUG_INFORMATION_FORMAT = dwarf;
				ENABLE_STRICT_OBJC_MSGSEND = YES;
				ENABLE_TESTABILITY = YES;
				GCC_C_LANGUAGE_STANDARD = gnu11;
				GCC_DYNAMIC_NO_PIC = NO;
				GCC_NO_COMMON_BLOCKS = YES;
				GCC_OPTIMIZATION_LEVEL = 0;
				GCC_PREPROCESSOR_DEFINITIONS = (
					"DEBUG=1",
					"$(inherited)",
				);
				GCC_WARN_64_TO_32_BIT_CONVERSION = YES;
				GCC_WARN_ABOUT_RETURN_TYPE = YES_ERROR;
				GCC_WARN_UNDECLARED_SELECTOR = YES;
				GCC_WARN_UNINITIALIZED_AUTOS = YES_AGGRESSIVE;
				GCC_WARN_UNUSED_FUNCTION = YES;
				GCC_WARN_UNUSED_VARIABLE = YES;
				IPHONEOS_DEPLOYMENT_TARGET = 14.5;
				MTL_ENABLE_DEBUG_INFO = INCLUDE_SOURCE;
				MTL_FAST_MATH = YES;
				ONLY_ACTIVE_ARCH = YES;
				SDKROOT = iphoneos;
				SWIFT_ACTIVE_COMPILATION_CONDITIONS = DEBUG;
				SWIFT_OPTIMIZATION_LEVEL = "-Onone";
			};
			name = Debug;
		};
		1228694A28DD4CC30026B3BE /* Release */ = {
			isa = XCBuildConfiguration;
			buildSettings = {
				ALWAYS_SEARCH_USER_PATHS = NO;
				CLANG_ANALYZER_NONNULL = YES;
				CLANG_ANALYZER_NUMBER_OBJECT_CONVERSION = YES_AGGRESSIVE;
				CLANG_CXX_LANGUAGE_STANDARD = "gnu++14";
				CLANG_CXX_LIBRARY = "libc++";
				CLANG_ENABLE_MODULES = YES;
				CLANG_ENABLE_OBJC_ARC = YES;
				CLANG_ENABLE_OBJC_WEAK = YES;
				CLANG_WARN_BLOCK_CAPTURE_AUTORELEASING = YES;
				CLANG_WARN_BOOL_CONVERSION = YES;
				CLANG_WARN_COMMA = YES;
				CLANG_WARN_CONSTANT_CONVERSION = YES;
				CLANG_WARN_DEPRECATED_OBJC_IMPLEMENTATIONS = YES;
				CLANG_WARN_DIRECT_OBJC_ISA_USAGE = YES_ERROR;
				CLANG_WARN_DOCUMENTATION_COMMENTS = YES;
				CLANG_WARN_EMPTY_BODY = YES;
				CLANG_WARN_ENUM_CONVERSION = YES;
				CLANG_WARN_INFINITE_RECURSION = YES;
				CLANG_WARN_INT_CONVERSION = YES;
				CLANG_WARN_NON_LITERAL_NULL_CONVERSION = YES;
				CLANG_WARN_OBJC_IMPLICIT_RETAIN_SELF = YES;
				CLANG_WARN_OBJC_LITERAL_CONVERSION = YES;
				CLANG_WARN_OBJC_ROOT_CLASS = YES_ERROR;
				CLANG_WARN_QUOTED_INCLUDE_IN_FRAMEWORK_HEADER = YES;
				CLANG_WARN_RANGE_LOOP_ANALYSIS = YES;
				CLANG_WARN_STRICT_PROTOTYPES = YES;
				CLANG_WARN_SUSPICIOUS_MOVE = YES;
				CLANG_WARN_UNGUARDED_AVAILABILITY = YES_AGGRESSIVE;
				CLANG_WARN_UNREACHABLE_CODE = YES;
				CLANG_WARN__DUPLICATE_METHOD_MATCH = YES;
				COPY_PHASE_STRIP = NO;
				DEBUG_INFORMATION_FORMAT = "dwarf-with-dsym";
				ENABLE_NS_ASSERTIONS = NO;
				ENABLE_STRICT_OBJC_MSGSEND = YES;
				GCC_C_LANGUAGE_STANDARD = gnu11;
				GCC_NO_COMMON_BLOCKS = YES;
				GCC_WARN_64_TO_32_BIT_CONVERSION = YES;
				GCC_WARN_ABOUT_RETURN_TYPE = YES_ERROR;
				GCC_WARN_UNDECLARED_SELECTOR = YES;
				GCC_WARN_UNINITIALIZED_AUTOS = YES_AGGRESSIVE;
				GCC_WARN_UNUSED_FUNCTION = YES;
				GCC_WARN_UNUSED_VARIABLE = YES;
				IPHONEOS_DEPLOYMENT_TARGET = 14.5;
				MTL_ENABLE_DEBUG_INFO = NO;
				MTL_FAST_MATH = YES;
				SDKROOT = iphoneos;
				SWIFT_COMPILATION_MODE = wholemodule;
				SWIFT_OPTIMIZATION_LEVEL = "-O";
				VALIDATE_PRODUCT = YES;
			};
			name = Release;
		};
		1228694C28DD4CC30026B3BE /* Debug */ = {
			isa = XCBuildConfiguration;
			buildSettings = {
				ASSETCATALOG_COMPILER_APPICON_NAME = AppIcon;
				ASSETCATALOG_COMPILER_GLOBAL_ACCENT_COLOR_NAME = AccentColor;
				CODE_SIGN_STYLE = Automatic;
				INFOPLIST_FILE = Bankey/Info.plist;
				LD_RUNPATH_SEARCH_PATHS = (
					"$(inherited)",
					"@executable_path/Frameworks",
				);
				PRODUCT_BUNDLE_IDENTIFIER = koo.Bankey;
				PRODUCT_NAME = "$(TARGET_NAME)";
				SWIFT_VERSION = 5.0;
				TARGETED_DEVICE_FAMILY = "1,2";
			};
			name = Debug;
		};
		1228694D28DD4CC30026B3BE /* Release */ = {
			isa = XCBuildConfiguration;
			buildSettings = {
				ASSETCATALOG_COMPILER_APPICON_NAME = AppIcon;
				ASSETCATALOG_COMPILER_GLOBAL_ACCENT_COLOR_NAME = AccentColor;
				CODE_SIGN_STYLE = Automatic;
				INFOPLIST_FILE = Bankey/Info.plist;
				LD_RUNPATH_SEARCH_PATHS = (
					"$(inherited)",
					"@executable_path/Frameworks",
				);
				PRODUCT_BUNDLE_IDENTIFIER = koo.Bankey;
				PRODUCT_NAME = "$(TARGET_NAME)";
				SWIFT_VERSION = 5.0;
				TARGETED_DEVICE_FAMILY = "1,2";
			};
			name = Release;
		};
		1228694F28DD4CC30026B3BE /* Debug */ = {
			isa = XCBuildConfiguration;
			buildSettings = {
				ALWAYS_EMBED_SWIFT_STANDARD_LIBRARIES = YES;
				BUNDLE_LOADER = "$(TEST_HOST)";
				CODE_SIGN_STYLE = Automatic;
				INFOPLIST_FILE = BankeyTests/Info.plist;
				IPHONEOS_DEPLOYMENT_TARGET = 14.5;
				LD_RUNPATH_SEARCH_PATHS = (
					"$(inherited)",
					"@executable_path/Frameworks",
					"@loader_path/Frameworks",
				);
				PRODUCT_BUNDLE_IDENTIFIER = koo.BankeyTests;
				PRODUCT_NAME = "$(TARGET_NAME)";
				SWIFT_VERSION = 5.0;
				TARGETED_DEVICE_FAMILY = "1,2";
				TEST_HOST = "$(BUILT_PRODUCTS_DIR)/Bankey.app/Bankey";
			};
			name = Debug;
		};
		1228695028DD4CC30026B3BE /* Release */ = {
			isa = XCBuildConfiguration;
			buildSettings = {
				ALWAYS_EMBED_SWIFT_STANDARD_LIBRARIES = YES;
				BUNDLE_LOADER = "$(TEST_HOST)";
				CODE_SIGN_STYLE = Automatic;
				INFOPLIST_FILE = BankeyTests/Info.plist;
				IPHONEOS_DEPLOYMENT_TARGET = 14.5;
				LD_RUNPATH_SEARCH_PATHS = (
					"$(inherited)",
					"@executable_path/Frameworks",
					"@loader_path/Frameworks",
				);
				PRODUCT_BUNDLE_IDENTIFIER = koo.BankeyTests;
				PRODUCT_NAME = "$(TARGET_NAME)";
				SWIFT_VERSION = 5.0;
				TARGETED_DEVICE_FAMILY = "1,2";
				TEST_HOST = "$(BUILT_PRODUCTS_DIR)/Bankey.app/Bankey";
			};
			name = Release;
		};
		1228695228DD4CC30026B3BE /* Debug */ = {
			isa = XCBuildConfiguration;
			buildSettings = {
				ALWAYS_EMBED_SWIFT_STANDARD_LIBRARIES = YES;
				CODE_SIGN_STYLE = Automatic;
				INFOPLIST_FILE = BankeyUITests/Info.plist;
				LD_RUNPATH_SEARCH_PATHS = (
					"$(inherited)",
					"@executable_path/Frameworks",
					"@loader_path/Frameworks",
				);
				PRODUCT_BUNDLE_IDENTIFIER = koo.BankeyUITests;
				PRODUCT_NAME = "$(TARGET_NAME)";
				SWIFT_VERSION = 5.0;
				TARGETED_DEVICE_FAMILY = "1,2";
				TEST_TARGET_NAME = Bankey;
			};
			name = Debug;
		};
		1228695328DD4CC30026B3BE /* Release */ = {
			isa = XCBuildConfiguration;
			buildSettings = {
				ALWAYS_EMBED_SWIFT_STANDARD_LIBRARIES = YES;
				CODE_SIGN_STYLE = Automatic;
				INFOPLIST_FILE = BankeyUITests/Info.plist;
				LD_RUNPATH_SEARCH_PATHS = (
					"$(inherited)",
					"@executable_path/Frameworks",
					"@loader_path/Frameworks",
				);
				PRODUCT_BUNDLE_IDENTIFIER = koo.BankeyUITests;
				PRODUCT_NAME = "$(TARGET_NAME)";
				SWIFT_VERSION = 5.0;
				TARGETED_DEVICE_FAMILY = "1,2";
				TEST_TARGET_NAME = Bankey;
			};
			name = Release;
		};
/* End XCBuildConfiguration section */

/* Begin XCConfigurationList section */
		1228691C28DD4CC10026B3BE /* Build configuration list for PBXProject "Bankey" */ = {
			isa = XCConfigurationList;
			buildConfigurations = (
				1228694928DD4CC30026B3BE /* Debug */,
				1228694A28DD4CC30026B3BE /* Release */,
			);
			defaultConfigurationIsVisible = 0;
			defaultConfigurationName = Release;
		};
		1228694B28DD4CC30026B3BE /* Build configuration list for PBXNativeTarget "Bankey" */ = {
			isa = XCConfigurationList;
			buildConfigurations = (
				1228694C28DD4CC30026B3BE /* Debug */,
				1228694D28DD4CC30026B3BE /* Release */,
			);
			defaultConfigurationIsVisible = 0;
			defaultConfigurationName = Release;
		};
		1228694E28DD4CC30026B3BE /* Build configuration list for PBXNativeTarget "BankeyTests" */ = {
			isa = XCConfigurationList;
			buildConfigurations = (
				1228694F28DD4CC30026B3BE /* Debug */,
				1228695028DD4CC30026B3BE /* Release */,
			);
			defaultConfigurationIsVisible = 0;
			defaultConfigurationName = Release;
		};
		1228695128DD4CC30026B3BE /* Build configuration list for PBXNativeTarget "BankeyUITests" */ = {
			isa = XCConfigurationList;
			buildConfigurations = (
				1228695228DD4CC30026B3BE /* Debug */,
				1228695328DD4CC30026B3BE /* Release */,
			);
			defaultConfigurationIsVisible = 0;
			defaultConfigurationName = Release;
		};
/* End XCConfigurationList section */
	};
	rootObject = 1228691928DD4CC10026B3BE /* Project object */;
}
